<?xml version="1.0" encoding="utf-8"?>
<Project ToolsVersion="4.0" xmlns="http://schemas.microsoft.com/developer/msbuild/2003">
  <ItemGroup>
    <Filter Include="NetworkLib">
      <UniqueIdentifier>{1f34a8f8-1507-4283-939e-a6bab3302dc8}</UniqueIdentifier>
    </Filter>
  </ItemGroup>
  <ItemGroup>
    <ClCompile Include="main.cpp" />
    <ClCompile Include="stdafx.cpp" />
  </ItemGroup>
  <ItemGroup>
    <ClInclude Include="..\include\TcpSocket.h">
      <Filter>NetworkLib</Filter>
    </ClInclude>
    <ClInclude Include="stdafx.h" />
    <ClInclude Include="targetver.h" />
    <ClInclude Include="SimpleClient.h" />
  </ItemGroup>
</Project>