
Microsoft Visual Studio Solution File, Format Version 12.00
# Visual Studio 15
VisualStudioVersion = 15.0.26730.16
MinimumVisualStudioVersion = 10.0.40219.1
Project("{9A19103F-16F7-4668-BE54-9A1E7A4F7556}") = "WebApi_DB", "WebApi_DB.csproj", "{3FE5ACB1-2766-471E-B6A0-516250ECF55F}"
EndProject
Global
	GlobalSection(SolutionConfigurationPlatforms) = preSolution
		Debug|Any CPU = Debug|Any CPU
		Release|Any CPU = Release|Any CPU
	EndGlobalSection
	GlobalSection(ProjectConfigurationPlatforms) = postSolution
		{3FE5ACB1-2766-471E-B6A0-516250ECF55F}.Debug|Any CPU.ActiveCfg = Debug|Any CPU
		{3FE5ACB1-2766-471E-B6A0-516250ECF55F}.Debug|Any CPU.Build.0 = Debug|Any CPU
		{3FE5ACB1-2766-471E-B6A0-516250ECF55F}.Release|Any CPU.ActiveCfg = Release|Any CPU
		{3FE5ACB1-2766-471E-B6A0-516250ECF55F}.Release|Any CPU.Build.0 = Release|Any CPU
	EndGlobalSection
	GlobalSection(SolutionProperties) = preSolution
		HideSolutionNode = FALSE
	EndGlobalSection
	GlobalSection(ExtensibilityGlobals) = postSolution
		SolutionGuid = {BAC90078-8D18-42DF-BDAD-5D069331C113}
	EndGlobalSection
EndGlobal
