
Microsoft Visual Studio Solution File, Format Version 12.00
# Visual Studio 15
VisualStudioVersion = 15.0.26430.14
MinimumVisualStudioVersion = 10.0.40219.1
Project("{FAE04EC0-301F-11D3-BF4B-00C04F79EFBC}") = "ConsoleHostServer", "ConsoleHostServer.csproj", "{DB3D8110-F0FF-4442-8FD3-9C5AD64312E6}"
EndProject
Project("{FAE04EC0-301F-11D3-BF4B-00C04F79EFBC}") = "GameServerLib", "..\GameServerLib\GameServerLib.csproj", "{96545E03-5382-4163-9391-ED7FA3CBC908}"
EndProject
Global
	GlobalSection(SolutionConfigurationPlatforms) = preSolution
		Debug|Any CPU = Debug|Any CPU
		Release|Any CPU = Release|Any CPU
	EndGlobalSection
	GlobalSection(ProjectConfigurationPlatforms) = postSolution
		{DB3D8110-F0FF-4442-8FD3-9C5AD64312E6}.Debug|Any CPU.ActiveCfg = Debug|Any CPU
		{DB3D8110-F0FF-4442-8FD3-9C5AD64312E6}.Debug|Any CPU.Build.0 = Debug|Any CPU
		{DB3D8110-F0FF-4442-8FD3-9C5AD64312E6}.Release|Any CPU.ActiveCfg = Release|Any CPU
		{DB3D8110-F0FF-4442-8FD3-9C5AD64312E6}.Release|Any CPU.Build.0 = Release|Any CPU
		{96545E03-5382-4163-9391-ED7FA3CBC908}.Debug|Any CPU.ActiveCfg = Debug|Any CPU
		{96545E03-5382-4163-9391-ED7FA3CBC908}.Debug|Any CPU.Build.0 = Debug|Any CPU
		{96545E03-5382-4163-9391-ED7FA3CBC908}.Release|Any CPU.ActiveCfg = Release|Any CPU
		{96545E03-5382-4163-9391-ED7FA3CBC908}.Release|Any CPU.Build.0 = Release|Any CPU
	EndGlobalSection
	GlobalSection(SolutionProperties) = preSolution
		HideSolutionNode = FALSE
	EndGlobalSection
EndGlobal
